
Microsoft Visual Studio Solution File, Format Version 12.00
# Visual Studio Version 16
VisualStudioVersion = 16.0.31105.61
MinimumVisualStudioVersion = 10.0.40219.1
Project("{FAE04EC0-301F-11D3-BF4B-00C04F79EFBC}") = "Core", "Core\Core.csproj", "{6384DC4C-AFBF-4467-A248-6B39251C6170}"
EndProject
Project("{FAE04EC0-301F-11D3-BF4B-00C04F79EFBC}") = "Infrastructure", "Infrastructure\Infrastructure.csproj", "{20B59E20-445C-4A94-B6CC-53B650AEF5FE}"
EndProject
Project("{FAE04EC0-301F-11D3-BF4B-00C04F79EFBC}") = "API", "API\API.csproj", "{6E3D0CFF-94F7-4F36-947E-8EE6A59A81B7}"
EndProject
Global
	GlobalSection(SolutionConfigurationPlatforms) = preSolution
		Debug|Any CPU = Debug|Any CPU
		Release|Any CPU = Release|Any CPU
	EndGlobalSection
	GlobalSection(ProjectConfigurationPlatforms) = postSolution
		{6384DC4C-AFBF-4467-A248-6B39251C6170}.Debug|Any CPU.ActiveCfg = Debug|Any CPU
		{6384DC4C-AFBF-4467-A248-6B39251C6170}.Debug|Any CPU.Build.0 = Debug|Any CPU
		{6384DC4C-AFBF-4467-A248-6B39251C6170}.Release|Any CPU.ActiveCfg = Release|Any CPU
		{6384DC4C-AFBF-4467-A248-6B39251C6170}.Release|Any CPU.Build.0 = Release|Any CPU
		{20B59E20-445C-4A94-B6CC-53B650AEF5FE}.Debug|Any CPU.ActiveCfg = Debug|Any CPU
		{20B59E20-445C-4A94-B6CC-53B650AEF5FE}.Debug|Any CPU.Build.0 = Debug|Any CPU
		{20B59E20-445C-4A94-B6CC-53B650AEF5FE}.Release|Any CPU.ActiveCfg = Release|Any CPU
		{20B59E20-445C-4A94-B6CC-53B650AEF5FE}.Release|Any CPU.Build.0 = Release|Any CPU
		{6E3D0CFF-94F7-4F36-947E-8EE6A59A81B7}.Debug|Any CPU.ActiveCfg = Debug|Any CPU
		{6E3D0CFF-94F7-4F36-947E-8EE6A59A81B7}.Debug|Any CPU.Build.0 = Debug|Any CPU
		{6E3D0CFF-94F7-4F36-947E-8EE6A59A81B7}.Release|Any CPU.ActiveCfg = Release|Any CPU
		{6E3D0CFF-94F7-4F36-947E-8EE6A59A81B7}.Release|Any CPU.Build.0 = Release|Any CPU
	EndGlobalSection
	GlobalSection(SolutionProperties) = preSolution
		HideSolutionNode = FALSE
	EndGlobalSection
	GlobalSection(ExtensibilityGlobals) = postSolution
		SolutionGuid = {34374E61-AEB9-4E6F-B9DF-122B83DE247C}
	EndGlobalSection
EndGlobal
